
Microsoft Visual Studio Solution File, Format Version 12.00
# Visual Studio Version 17
VisualStudioVersion = 17.2.32526.322
MinimumVisualStudioVersion = 10.0.40219.1
Project("{9A19103F-16F7-4668-BE54-9A1E7A4F7556}") = "CarLocadora.Front", "CarLocadora\CarLocadora.Front.csproj", "{9B3277D5-0923-41DF-96DB-58D2EA80BF37}"
EndProject
Project("{9A19103F-16F7-4668-BE54-9A1E7A4F7556}") = "CarLocadora.API", "CarLocadora.API\CarLocadora.API.csproj", "{A66BDE09-BF0F-4116-8512-E0D21D0FEF9F}"
EndProject
Project("{9A19103F-16F7-4668-BE54-9A1E7A4F7556}") = "CarLocadora.Infra", "CarLocadora.Infra\CarLocadora.Infra.csproj", "{3DD97DC7-CC66-4559-9EE1-5A091D64A290}"
EndProject
Project("{9A19103F-16F7-4668-BE54-9A1E7A4F7556}") = "CarLocadora.Modelo", "CarLocadora.Modelo\CarLocadora.Modelo.csproj", "{DC0FC4F6-344D-45D6-AE39-AB0398DD975B}"
EndProject
Project("{9A19103F-16F7-4668-BE54-9A1E7A4F7556}") = "CarLocadora.Negocio", "CarLocadora.Negocio\CarLocadora.Negocio.csproj", "{FEC07E9B-4354-49CF-AF3E-D8DD8DB361E1}"
EndProject
Global
	GlobalSection(SolutionConfigurationPlatforms) = preSolution
		Debug|Any CPU = Debug|Any CPU
		Release|Any CPU = Release|Any CPU
	EndGlobalSection
	GlobalSection(ProjectConfigurationPlatforms) = postSolution
		{9B3277D5-0923-41DF-96DB-58D2EA80BF37}.Debug|Any CPU.ActiveCfg = Debug|Any CPU
		{9B3277D5-0923-41DF-96DB-58D2EA80BF37}.Debug|Any CPU.Build.0 = Debug|Any CPU
		{9B3277D5-0923-41DF-96DB-58D2EA80BF37}.Release|Any CPU.ActiveCfg = Release|Any CPU
		{9B3277D5-0923-41DF-96DB-58D2EA80BF37}.Release|Any CPU.Build.0 = Release|Any CPU
		{A66BDE09-BF0F-4116-8512-E0D21D0FEF9F}.Debug|Any CPU.ActiveCfg = Debug|Any CPU
		{A66BDE09-BF0F-4116-8512-E0D21D0FEF9F}.Debug|Any CPU.Build.0 = Debug|Any CPU
		{A66BDE09-BF0F-4116-8512-E0D21D0FEF9F}.Release|Any CPU.ActiveCfg = Release|Any CPU
		{A66BDE09-BF0F-4116-8512-E0D21D0FEF9F}.Release|Any CPU.Build.0 = Release|Any CPU
		{3DD97DC7-CC66-4559-9EE1-5A091D64A290}.Debug|Any CPU.ActiveCfg = Debug|Any CPU
		{3DD97DC7-CC66-4559-9EE1-5A091D64A290}.Debug|Any CPU.Build.0 = Debug|Any CPU
		{3DD97DC7-CC66-4559-9EE1-5A091D64A290}.Release|Any CPU.ActiveCfg = Release|Any CPU
		{3DD97DC7-CC66-4559-9EE1-5A091D64A290}.Release|Any CPU.Build.0 = Release|Any CPU
		{DC0FC4F6-344D-45D6-AE39-AB0398DD975B}.Debug|Any CPU.ActiveCfg = Debug|Any CPU
		{DC0FC4F6-344D-45D6-AE39-AB0398DD975B}.Debug|Any CPU.Build.0 = Debug|Any CPU
		{DC0FC4F6-344D-45D6-AE39-AB0398DD975B}.Release|Any CPU.ActiveCfg = Release|Any CPU
		{DC0FC4F6-344D-45D6-AE39-AB0398DD975B}.Release|Any CPU.Build.0 = Release|Any CPU
		{FEC07E9B-4354-49CF-AF3E-D8DD8DB361E1}.Debug|Any CPU.ActiveCfg = Debug|Any CPU
		{FEC07E9B-4354-49CF-AF3E-D8DD8DB361E1}.Debug|Any CPU.Build.0 = Debug|Any CPU
		{FEC07E9B-4354-49CF-AF3E-D8DD8DB361E1}.Release|Any CPU.ActiveCfg = Release|Any CPU
		{FEC07E9B-4354-49CF-AF3E-D8DD8DB361E1}.Release|Any CPU.Build.0 = Release|Any CPU
	EndGlobalSection
	GlobalSection(SolutionProperties) = preSolution
		HideSolutionNode = FALSE
	EndGlobalSection
	GlobalSection(ExtensibilityGlobals) = postSolution
		SolutionGuid = {A4FC0A99-59CC-43A8-83D3-7596AFE67138}
	EndGlobalSection
EndGlobal
